
Microsoft Visual Studio Solution File, Format Version 12.00
# Visual Studio Version 17
VisualStudioVersion = 17.0.31903.59
MinimumVisualStudioVersion = 10.0.40219.1
Project("{FAE04EC0-301F-11D3-BF4B-00C04F79EFBC}") = "AdHocReporting.API", "AdHocReporting.API\AdHocReporting.API.csproj", "{C6CFB7EC-93A1-4449-A6DA-92EDC585AB2D}"
EndProject
Project("{FAE04EC0-301F-11D3-BF4B-00C04F79EFBC}") = "AdHocReporting.Application", "AdHocReporting.Application\AdHocReporting.Application.csproj", "{38BBFA85-52D3-4F71-8B83-0ADFBCA21A72}"
EndProject
Project("{FAE04EC0-301F-11D3-BF4B-00C04F79EFBC}") = "AdHocReporting.Domain", "AdHocReporting.Domain\AdHocReporting.Domain.csproj", "{1825A70B-C33D-46AC-AC31-B40CD1554E0F}"
EndProject
Project("{FAE04EC0-301F-11D3-BF4B-00C04F79EFBC}") = "AdHocReporting.Infrastructure", "AdHocReporting.Infrastructure\AdHocReporting.Infrastructure.csproj", "{82921F74-5BB2-4672-B38E-6BE887D72E35}"
EndProject
Project("{FAE04EC0-301F-11D3-BF4B-00C04F79EFBC}") = "AdHocReporting.Tests", "AdHocReporting.Tests\AdHocReporting.Tests.csproj", "{64554AC9-8629-462B-AA04-00A7B11A91FE}"
EndProject
Global
	GlobalSection(SolutionConfigurationPlatforms) = preSolution
		Debug|Any CPU = Debug|Any CPU
		Debug|x64 = Debug|x64
		Debug|x86 = Debug|x86
		Release|Any CPU = Release|Any CPU
		Release|x64 = Release|x64
		Release|x86 = Release|x86
	EndGlobalSection
	GlobalSection(ProjectConfigurationPlatforms) = postSolution
		{C6CFB7EC-93A1-4449-A6DA-92EDC585AB2D}.Debug|Any CPU.ActiveCfg = Debug|Any CPU
		{C6CFB7EC-93A1-4449-A6DA-92EDC585AB2D}.Debug|Any CPU.Build.0 = Debug|Any CPU
		{C6CFB7EC-93A1-4449-A6DA-92EDC585AB2D}.Debug|x64.ActiveCfg = Debug|Any CPU
		{C6CFB7EC-93A1-4449-A6DA-92EDC585AB2D}.Debug|x64.Build.0 = Debug|Any CPU
		{C6CFB7EC-93A1-4449-A6DA-92EDC585AB2D}.Debug|x86.ActiveCfg = Debug|Any CPU
		{C6CFB7EC-93A1-4449-A6DA-92EDC585AB2D}.Debug|x86.Build.0 = Debug|Any CPU
		{C6CFB7EC-93A1-4449-A6DA-92EDC585AB2D}.Release|Any CPU.ActiveCfg = Release|Any CPU
		{C6CFB7EC-93A1-4449-A6DA-92EDC585AB2D}.Release|Any CPU.Build.0 = Release|Any CPU
		{C6CFB7EC-93A1-4449-A6DA-92EDC585AB2D}.Release|x64.ActiveCfg = Release|Any CPU
		{C6CFB7EC-93A1-4449-A6DA-92EDC585AB2D}.Release|x64.Build.0 = Release|Any CPU
		{C6CFB7EC-93A1-4449-A6DA-92EDC585AB2D}.Release|x86.ActiveCfg = Release|Any CPU
		{C6CFB7EC-93A1-4449-A6DA-92EDC585AB2D}.Release|x86.Build.0 = Release|Any CPU
		{38BBFA85-52D3-4F71-8B83-0ADFBCA21A72}.Debug|Any CPU.ActiveCfg = Debug|Any CPU
		{38BBFA85-52D3-4F71-8B83-0ADFBCA21A72}.Debug|Any CPU.Build.0 = Debug|Any CPU
		{38BBFA85-52D3-4F71-8B83-0ADFBCA21A72}.Debug|x64.ActiveCfg = Debug|Any CPU
		{38BBFA85-52D3-4F71-8B83-0ADFBCA21A72}.Debug|x64.Build.0 = Debug|Any CPU
		{38BBFA85-52D3-4F71-8B83-0ADFBCA21A72}.Debug|x86.ActiveCfg = Debug|Any CPU
		{38BBFA85-52D3-4F71-8B83-0ADFBCA21A72}.Debug|x86.Build.0 = Debug|Any CPU
		{38BBFA85-52D3-4F71-8B83-0ADFBCA21A72}.Release|Any CPU.ActiveCfg = Release|Any CPU
		{38BBFA85-52D3-4F71-8B83-0ADFBCA21A72}.Release|Any CPU.Build.0 = Release|Any CPU
		{38BBFA85-52D3-4F71-8B83-0ADFBCA21A72}.Release|x64.ActiveCfg = Release|Any CPU
		{38BBFA85-52D3-4F71-8B83-0ADFBCA21A72}.Release|x64.Build.0 = Release|Any CPU
		{38BBFA85-52D3-4F71-8B83-0ADFBCA21A72}.Release|x86.ActiveCfg = Release|Any CPU
		{38BBFA85-52D3-4F71-8B83-0ADFBCA21A72}.Release|x86.Build.0 = Release|Any CPU
		{1825A70B-C33D-46AC-AC31-B40CD1554E0F}.Debug|Any CPU.ActiveCfg = Debug|Any CPU
		{1825A70B-C33D-46AC-AC31-B40CD1554E0F}.Debug|Any CPU.Build.0 = Debug|Any CPU
		{1825A70B-C33D-46AC-AC31-B40CD1554E0F}.Debug|x64.ActiveCfg = Debug|Any CPU
		{1825A70B-C33D-46AC-AC31-B40CD1554E0F}.Debug|x64.Build.0 = Debug|Any CPU
		{1825A70B-C33D-46AC-AC31-B40CD1554E0F}.Debug|x86.ActiveCfg = Debug|Any CPU
		{1825A70B-C33D-46AC-AC31-B40CD1554E0F}.Debug|x86.Build.0 = Debug|Any CPU
		{1825A70B-C33D-46AC-AC31-B40CD1554E0F}.Release|Any CPU.ActiveCfg = Release|Any CPU
		{1825A70B-C33D-46AC-AC31-B40CD1554E0F}.Release|Any CPU.Build.0 = Release|Any CPU
		{1825A70B-C33D-46AC-AC31-B40CD1554E0F}.Release|x64.ActiveCfg = Release|Any CPU
		{1825A70B-C33D-46AC-AC31-B40CD1554E0F}.Release|x64.Build.0 = Release|Any CPU
		{1825A70B-C33D-46AC-AC31-B40CD1554E0F}.Release|x86.ActiveCfg = Release|Any CPU
		{1825A70B-C33D-46AC-AC31-B40CD1554E0F}.Release|x86.Build.0 = Release|Any CPU
		{82921F74-5BB2-4672-B38E-6BE887D72E35}.Debug|Any CPU.ActiveCfg = Debug|Any CPU
		{82921F74-5BB2-4672-B38E-6BE887D72E35}.Debug|Any CPU.Build.0 = Debug|Any CPU
		{82921F74-5BB2-4672-B38E-6BE887D72E35}.Debug|x64.ActiveCfg = Debug|Any CPU
		{82921F74-5BB2-4672-B38E-6BE887D72E35}.Debug|x64.Build.0 = Debug|Any CPU
		{82921F74-5BB2-4672-B38E-6BE887D72E35}.Debug|x86.ActiveCfg = Debug|Any CPU
		{82921F74-5BB2-4672-B38E-6BE887D72E35}.Debug|x86.Build.0 = Debug|Any CPU
		{82921F74-5BB2-4672-B38E-6BE887D72E35}.Release|Any CPU.ActiveCfg = Release|Any CPU
		{82921F74-5BB2-4672-B38E-6BE887D72E35}.Release|Any CPU.Build.0 = Release|Any CPU
		{82921F74-5BB2-4672-B38E-6BE887D72E35}.Release|x64.ActiveCfg = Release|Any CPU
		{82921F74-5BB2-4672-B38E-6BE887D72E35}.Release|x64.Build.0 = Release|Any CPU
		{82921F74-5BB2-4672-B38E-6BE887D72E35}.Release|x86.ActiveCfg = Release|Any CPU
		{82921F74-5BB2-4672-B38E-6BE887D72E35}.Release|x86.Build.0 = Release|Any CPU
		{64554AC9-8629-462B-AA04-00A7B11A91FE}.Debug|Any CPU.ActiveCfg = Debug|Any CPU
		{64554AC9-8629-462B-AA04-00A7B11A91FE}.Debug|Any CPU.Build.0 = Debug|Any CPU
		{64554AC9-8629-462B-AA04-00A7B11A91FE}.Debug|x64.ActiveCfg = Debug|Any CPU
		{64554AC9-8629-462B-AA04-00A7B11A91FE}.Debug|x64.Build.0 = Debug|Any CPU
		{64554AC9-8629-462B-AA04-00A7B11A91FE}.Debug|x86.ActiveCfg = Debug|Any CPU
		{64554AC9-8629-462B-AA04-00A7B11A91FE}.Debug|x86.Build.0 = Debug|Any CPU
		{64554AC9-8629-462B-AA04-00A7B11A91FE}.Release|Any CPU.ActiveCfg = Release|Any CPU
		{64554AC9-8629-462B-AA04-00A7B11A91FE}.Release|Any CPU.Build.0 = Release|Any CPU
		{64554AC9-8629-462B-AA04-00A7B11A91FE}.Release|x64.ActiveCfg = Release|Any CPU
		{64554AC9-8629-462B-AA04-00A7B11A91FE}.Release|x64.Build.0 = Release|Any CPU
		{64554AC9-8629-462B-AA04-00A7B11A91FE}.Release|x86.ActiveCfg = Release|Any CPU
		{64554AC9-8629-462B-AA04-00A7B11A91FE}.Release|x86.Build.0 = Release|Any CPU
	EndGlobalSection
	GlobalSection(SolutionProperties) = preSolution
		HideSolutionNode = FALSE
	EndGlobalSection
EndGlobal
